dependencies:
- name: common
  repository: https://library-charts.k8s-at-home.com/
  version: 4.0.0
- name: mariadb
  repository: https://charts.bitnami.com/bitnami
  version: 9.4.2
digest: sha256:38537b3aee9cacb87a3c3c416ee1d544c8ac9e173a4d13540c518714563f5481
generated: "2022-01-10T22:11:56.762502086+01:00"
