dependencies:
- name: application
  repository: https://stakater.github.io/stakater-charts
  version: 2.1.10
- name: redis
  repository: https://charts.pascaliske.dev
  version: 1.1.3
digest: sha256:1a03605c4267ed5ea4e8f97612b31af3364a9e48b6e4b72edd89580e9e80d5a9
generated: "2023-05-08T17:47:34.029529661+02:00"
