dependencies:
- name: common
  repository: https://library-charts.k8s-at-home.com
  version: 4.0.1
- name: redis
  repository: https://charts.pascaliske.dev
  version: 0.0.2
digest: sha256:d7aa4aeebc66b0646971232b3a0292b361372780a52dd715aff090f5005f5f8c
generated: "2023-03-04T20:55:13.291034381+01:00"
